{
  "version": 4,
  "terraform_version": "0.14.0",
  "serial": 1,
  "lineage": "4c810918-f39a-cda8-3af3-68cf9bb619ef",
  "outputs": {},
  "resources": [
    {
      "mode": "managed",
      "type": "spotify_playlist",
      "name": "Ragavi_Playlist",
      "provider": "provider[\"registry.terraform.io/conradludgate/spotify\"]",
      "instances": [
        {
          "schema_version": 0,
          "attributes": {
            "description": "This playlist was created by Terraform",
            "id": "4wfmESdkeO6sPJMIHZF1Yi",
            "name": "Ragavi_Fav",
            "public": true,
            "snapshot_id": "AAAAAniWFyGdpjE8VtGzliivJG+u9sd6",
            "tracks": [
              "3hRV0jL3vUpRrcy398teAU"
            ]
          },
          "sensitive_attributes": [],
          "private": "bnVsbA=="
        }
      ]
    }
  ]
}
